Microsoft Visual Studio Solution File, Format Version 8.00
Project("{8BC9CEB8-8B4A-11D0-8D11-00A0C91BC942}") = "IgSendCcl", "IgSendCcl.vcproj", "{5C26D4CD-0FFC-472D-8235-912039E33804}"
	ProjectSection(ProjectDependencies) = postProject
	EndProjectSection
EndProject
Global
	GlobalSection(SolutionConfiguration) = preSolution
		Debug = Debug
		Release = Release
	EndGlobalSection
	GlobalSection(ProjectDependencies) = postSolution
	EndGlobalSection
	GlobalSection(ProjectConfiguration) = postSolution
		{5C26D4CD-0FFC-472D-8235-912039E33804}.Debug.ActiveCfg = Debug|Win32
		{5C26D4CD-0FFC-472D-8235-912039E33804}.Debug.Build.0 = Debug|Win32
		{5C26D4CD-0FFC-472D-8235-912039E33804}.Release.ActiveCfg = Release|Win32
		{5C26D4CD-0FFC-472D-8235-912039E33804}.Release.Build.0 = Release|Win32
	EndGlobalSection
	GlobalSection(ExtensibilityGlobals) = postSolution
	EndGlobalSection
	GlobalSection(ExtensibilityAddIns) = postSolution
	EndGlobalSection
EndGlobal
